// !$*UTF8*$!
{
	archiveVersion = 1;
	classes = {
	};
	objectVersion = 46;
	objects = {

/* Begin PBXBuildFile section */
		CF932BFB1845C71B0087C9DE /* MKUtilites.m in Sources */ = {isa = PBXBuildFile; fileRef = CF932BFA1845C71B0087C9DE /* MKUtilites.m */; };
		CF9543E51843BE7400B6ECC0 /* MKArtificialIntelligence.m in Sources */ = {isa = PBXBuildFile; fileRef = CF9543E41843BE7400B6ECC0 /* MKArtificialIntelligence.m */; };
		CF9543E81843BF0600B6ECC0 /* MKChaseAI.m in Sources */ = {isa = PBXBuildFile; fileRef = CF9543E71843BF0600B6ECC0 /* MKChaseAI.m */; };
		CF9543EB1843BF1500B6ECC0 /* MKSpawnAI.m in Sources */ = {isa = PBXBuildFile; fileRef = CF9543EA1843BF1500B6ECC0 /* MKSpawnAI.m */; };
		CF9543EE1843C0D000B6ECC0 /* MKHeroCharacter.m in Sources */ = {isa = PBXBuildFile; fileRef = CF9543ED1843C0D000B6ECC0 /* MKHeroCharacter.m */; };
		CF9543F11844AEEF00B6ECC0 /* MKArcher.m in Sources */ = {isa = PBXBuildFile; fileRef = CF9543F01844AEEF00B6ECC0 /* MKArcher.m */; };
		CF9543F41844AEFC00B6ECC0 /* MKWarrior.m in Sources */ = {isa = PBXBuildFile; fileRef = CF9543F31844AEFC00B6ECC0 /* MKWarrior.m */; };
		CF9543F71844AF0F00B6ECC0 /* MKEnemyCharacter.m in Sources */ = {isa = PBXBuildFile; fileRef = CF9543F61844AF0F00B6ECC0 /* MKEnemyCharacter.m */; };
		CF9543FA1844AF1C00B6ECC0 /* MKGoblin.m in Sources */ = {isa = PBXBuildFile; fileRef = CF9543F91844AF1C00B6ECC0 /* MKGoblin.m */; };
		CF9543FD1844AF2400B6ECC0 /* MKCave.m in Sources */ = {isa = PBXBuildFile; fileRef = CF9543FC1844AF2400B6ECC0 /* MKCave.m */; };
		CF9544001844AF2C00B6ECC0 /* MKBoss.m in Sources */ = {isa = PBXBuildFile; fileRef = CF9543FF1844AF2C00B6ECC0 /* MKBoss.m */; };
		CF9544441844B71500B6ECC0 /* map_level.png in Resources */ = {isa = PBXBuildFile; fileRef = CF9544041844B71500B6ECC0 /* map_level.png */; };
		CF9544451844B71500B6ECC0 /* map_trees.png in Resources */ = {isa = PBXBuildFile; fileRef = CF9544051844B71500B6ECC0 /* map_trees.png */; };
		CF9544461844B71500B6ECC0 /* ArcherProjectile.sks in Resources */ = {isa = PBXBuildFile; fileRef = CF9544071844B71500B6ECC0 /* ArcherProjectile.sks */; };
		CF9544471844B71500B6ECC0 /* BossDamage.sks in Resources */ = {isa = PBXBuildFile; fileRef = CF9544081844B71500B6ECC0 /* BossDamage.sks */; };
		CF9544481844B71500B6ECC0 /* CaveDamage.sks in Resources */ = {isa = PBXBuildFile; fileRef = CF9544091844B71500B6ECC0 /* CaveDamage.sks */; };
		CF9544491844B71500B6ECC0 /* CaveDeathSmoke.sks in Resources */ = {isa = PBXBuildFile; fileRef = CF95440A1844B71500B6ECC0 /* CaveDeathSmoke.sks */; };
		CF95444A1844B71500B6ECC0 /* CaveFire.sks in Resources */ = {isa = PBXBuildFile; fileRef = CF95440B1844B71500B6ECC0 /* CaveFire.sks */; };
		CF95444B1844B71500B6ECC0 /* CaveFireSmoke.sks in Resources */ = {isa = PBXBuildFile; fileRef = CF95440C1844B71500B6ECC0 /* CaveFireSmoke.sks */; };
		CF95444C1844B71500B6ECC0 /* Damage.sks in Resources */ = {isa = PBXBuildFile; fileRef = CF95440D1844B71500B6ECC0 /* Damage.sks */; };
		CF95444D1844B71500B6ECC0 /* Death.sks in Resources */ = {isa = PBXBuildFile; fileRef = CF95440E1844B71500B6ECC0 /* Death.sks */; };
		CF95444E1844B71500B6ECC0 /* hardCircle.png in Resources */ = {isa = PBXBuildFile; fileRef = CF95440F1844B71500B6ECC0 /* hardCircle.png */; };
		CF9544531844B71500B6ECC0 /* ProjectileSplat.sks in Resources */ = {isa = PBXBuildFile; fileRef = CF9544141844B71500B6ECC0 /* ProjectileSplat.sks */; };
		CF9544541844B71500B6ECC0 /* spark.png in Resources */ = {isa = PBXBuildFile; fileRef = CF9544151844B71500B6ECC0 /* spark.png */; };
		CF9544551844B71500B6ECC0 /* Spawn.sks in Resources */ = {isa = PBXBuildFile; fileRef = CF9544161844B71500B6ECC0 /* Spawn.sks */; };
		CF9544561844B71500B6ECC0 /* star.png in Resources */ = {isa = PBXBuildFile; fileRef = CF9544171844B71500B6ECC0 /* star.png */; };
		CF9544571844B71500B6ECC0 /* WarriorProjectile.sks in Resources */ = {isa = PBXBuildFile; fileRef = CF9544181844B71500B6ECC0 /* WarriorProjectile.sks */; };
		CF9544591844B71500B6ECC0 /* Archer_Attack.atlas in Resources */ = {isa = PBXBuildFile; fileRef = CF95441D1844B71500B6ECC0 /* Archer_Attack.atlas */; };
		CF95445A1844B71500B6ECC0 /* Archer_Death.atlas in Resources */ = {isa = PBXBuildFile; fileRef = CF95441E1844B71500B6ECC0 /* Archer_Death.atlas */; };
		CF95445B1844B71500B6ECC0 /* Archer_GetHit.atlas in Resources */ = {isa = PBXBuildFile; fileRef = CF95441F1844B71500B6ECC0 /* Archer_GetHit.atlas */; };
		CF95445C1844B71500B6ECC0 /* Archer_Idle.atlas in Resources */ = {isa = PBXBuildFile; fileRef = CF9544201844B71500B6ECC0 /* Archer_Idle.atlas */; };
		CF95445D1844B71500B6ECC0 /* Archer_Walk.atlas in Resources */ = {isa = PBXBuildFile; fileRef = CF9544211844B71500B6ECC0 /* Archer_Walk.atlas */; };
		CF95445E1844B71500B6ECC0 /* Boss_Attack.atlas in Resources */ = {isa = PBXBuildFile; fileRef = CF9544231844B71500B6ECC0 /* Boss_Attack.atlas */; };
		CF95445F1844B71500B6ECC0 /* Boss_Death.atlas in Resources */ = {isa = PBXBuildFile; fileRef = CF9544241844B71500B6ECC0 /* Boss_Death.atlas */; };
		CF9544601844B71500B6ECC0 /* Boss_GetHit.atlas in Resources */ = {isa = PBXBuildFile; fileRef = CF9544251844B71500B6ECC0 /* Boss_GetHit.atlas */; };
		CF9544611844B71500B6ECC0 /* Boss_Idle.atlas in Resources */ = {isa = PBXBuildFile; fileRef = CF9544261844B71500B6ECC0 /* Boss_Idle.atlas */; };
		CF9544621844B71500B6ECC0 /* Boss_Walk.atlas in Resources */ = {isa = PBXBuildFile; fileRef = CF9544271844B71500B6ECC0 /* Boss_Walk.atlas */; };
		CF9544631844B71500B6ECC0 /* Environment.atlas in Resources */ = {isa = PBXBuildFile; fileRef = CF9544281844B71500B6ECC0 /* Environment.atlas */; };
		CF9544641844B71500B6ECC0 /* Goblin_Attack.atlas in Resources */ = {isa = PBXBuildFile; fileRef = CF95442A1844B71500B6ECC0 /* Goblin_Attack.atlas */; };
		CF9544651844B71500B6ECC0 /* Goblin_Death.atlas in Resources */ = {isa = PBXBuildFile; fileRef = CF95442B1844B71500B6ECC0 /* Goblin_Death.atlas */; };
		CF9544661844B71500B6ECC0 /* Goblin_GetHit.atlas in Resources */ = {isa = PBXBuildFile; fileRef = CF95442C1844B71500B6ECC0 /* Goblin_GetHit.atlas */; };
		CF9544671844B71500B6ECC0 /* Goblin_Idle.atlas in Resources */ = {isa = PBXBuildFile; fileRef = CF95442D1844B71500B6ECC0 /* Goblin_Idle.atlas */; };
		CF9544681844B71500B6ECC0 /* Goblin_Walk.atlas in Resources */ = {isa = PBXBuildFile; fileRef = CF95442E1844B71500B6ECC0 /* Goblin_Walk.atlas */; };
		CF9544691844B71500B6ECC0 /* Tiles.atlas in Resources */ = {isa = PBXBuildFile; fileRef = CF95442F1844B71500B6ECC0 /* Tiles.atlas */; };
		CF95446A1844B71500B6ECC0 /* Warrior_Attack.atlas in Resources */ = {isa = PBXBuildFile; fileRef = CF9544311844B71500B6ECC0 /* Warrior_Attack.atlas */; };
		CF95446B1844B71500B6ECC0 /* Warrior_Death.atlas in Resources */ = {isa = PBXBuildFile; fileRef = CF9544321844B71500B6ECC0 /* Warrior_Death.atlas */; };
		CF95446C1844B71500B6ECC0 /* Warrior_GetHit.atlas in Resources */ = {isa = PBXBuildFile; fileRef = CF9544331844B71500B6ECC0 /* Warrior_GetHit.atlas */; };
		CF95446D1844B71500B6ECC0 /* Warrior_Idle.atlas in Resources */ = {isa = PBXBuildFile; fileRef = CF9544341844B71500B6ECC0 /* Warrior_Idle.atlas */; };
		CF95446E1844B71500B6ECC0 /* Warrior_Walk.atlas in Resources */ = {isa = PBXBuildFile; fileRef = CF9544351844B71500B6ECC0 /* Warrior_Walk.atlas */; };
		CF95446F1844B71500B6ECC0 /* Assets - iOS.xcassets in Resources */ = {isa = PBXBuildFile; fileRef = CF9544371844B71500B6ECC0 /* Assets - iOS.xcassets */; };
		CF9544701844B71500B6ECC0 /* Assets - OS X.xcassets in Resources */ = {isa = PBXBuildFile; fileRef = CF9544381844B71500B6ECC0 /* Assets - OS X.xcassets */; };
		CF9544711844B71500B6ECC0 /* button_archer.png in Resources */ = {isa = PBXBuildFile; fileRef = CF9544391844B71500B6ECC0 /* button_archer.png */; };
		CF9544721844B71500B6ECC0 /* button_warrior.png in Resources */ = {isa = PBXBuildFile; fileRef = CF95443A1844B71500B6ECC0 /* button_warrior.png */; };
		CF9544731844B71500B6ECC0 /* Default-568h@2x.png in Resources */ = {isa = PBXBuildFile; fileRef = CF95443B1844B71500B6ECC0 /* Default-568h@2x.png */; };
		CF9544741844B71500B6ECC0 /* Default.png in Resources */ = {isa = PBXBuildFile; fileRef = CF95443C1844B71500B6ECC0 /* Default.png */; };
		CF9544751844B71500B6ECC0 /* Default@2x.png in Resources */ = {isa = PBXBuildFile; fileRef = CF95443D1844B71500B6ECC0 /* Default@2x.png */; };
		CF9544761844B71500B6ECC0 /* iconWarrior_blue.png in Resources */ = {isa = PBXBuildFile; fileRef = CF95443E1844B71500B6ECC0 /* iconWarrior_blue.png */; };
		CF9544771844B71500B6ECC0 /* iconWarrior_green.png in Resources */ = {isa = PBXBuildFile; fileRef = CF95443F1844B71500B6ECC0 /* iconWarrior_green.png */; };
		CF9544781844B71500B6ECC0 /* iconWarrior_pink.png in Resources */ = {isa = PBXBuildFile; fileRef = CF9544401844B71500B6ECC0 /* iconWarrior_pink.png */; };
		CF9544791844B71500B6ECC0 /* iconWarrior_red.png in Resources */ = {isa = PBXBuildFile; fileRef = CF9544411844B71500B6ECC0 /* iconWarrior_red.png */; };
		CF95447A1844B71500B6ECC0 /* lives.png in Resources */ = {isa = PBXBuildFile; fileRef = CF9544421844B71500B6ECC0 /* lives.png */; };
		CF95447B1844B71500B6ECC0 /* logo.png in Resources */ = {isa = PBXBuildFile; fileRef = CF9544431844B71500B6ECC0 /* logo.png */; };
		CF9CF8AC18438D8700FC435C /* MKCharacter.m in Sources */ = {isa = PBXBuildFile; fileRef = CF9CF8AB18438D8700FC435C /* MKCharacter.m */; };
		CFAF95D6184228D00016C602 /* MKTree.m in Sources */ = {isa = PBXBuildFile; fileRef = CFAF95D5184228D00016C602 /* MKTree.m */; };
		CFAF95D9184228FC0016C602 /* MKCharacterScene.m in Sources */ = {isa = PBXBuildFile; fileRef = CFAF95D8184228FC0016C602 /* MKCharacterScene.m */; };
		CFAF95DF184237CD0016C602 /* MKViewController.m in Sources */ = {isa = PBXBuildFile; fileRef = CFAF95DE184237CD0016C602 /* MKViewController.m */; };
		CFAF95E2184239270016C602 /* MKGameScene.m in Sources */ = {isa = PBXBuildFile; fileRef = CFAF95E1184239270016C602 /* MKGameScene.m */; };
		CFBB22A31841E4AD006B9DD5 /* Foundation.framework in Frameworks */ = {isa = PBXBuildFile; fileRef = CFBB22A21841E4AD006B9DD5 /* Foundation.framework */; };
		CFBB22A51841E4AD006B9DD5 /* CoreGraphics.framework in Frameworks */ = {isa = PBXBuildFile; fileRef = CFBB22A41841E4AD006B9DD5 /* CoreGraphics.framework */; };
		CFBB22A71841E4AD006B9DD5 /* UIKit.framework in Frameworks */ = {isa = PBXBuildFile; fileRef = CFBB22A61841E4AD006B9DD5 /* UIKit.framework */; };
		CFBB22A91841E4AD006B9DD5 /* SpriteKit.framework in Frameworks */ = {isa = PBXBuildFile; fileRef = CFBB22A81841E4AD006B9DD5 /* SpriteKit.framework */; };
		CFBB22AF1841E4AD006B9DD5 /* InfoPlist.strings in Resources */ = {isa = PBXBuildFile; fileRef = CFBB22AD1841E4AD006B9DD5 /* InfoPlist.strings */; };
		CFBB22B11841E4AD006B9DD5 /* main.m in Sources */ = {isa = PBXBuildFile; fileRef = CFBB22B01841E4AD006B9DD5 /* main.m */; };
		CFBB22B51841E4AD006B9DD5 /* MKAppDelegate.m in Sources */ = {isa = PBXBuildFile; fileRef = CFBB22B41841E4AD006B9DD5 /* MKAppDelegate.m */; };
		CFBB22B81841E4AD006B9DD5 /* Main.storyboard in Resources */ = {isa = PBXBuildFile; fileRef = CFBB22B61841E4AD006B9DD5 /* Main.storyboard */; };
		CFBB22C21841E4AD006B9DD5 /* Images.xcassets in Resources */ = {isa = PBXBuildFile; fileRef = CFBB22C11841E4AD006B9DD5 /* Images.xcassets */; };
		CFBB22C91841E4AE006B9DD5 /* XCTest.framework in Frameworks */ = {isa = PBXBuildFile; fileRef = CFBB22C81841E4AE006B9DD5 /* XCTest.framework */; };
		CFBB22CA1841E4AE006B9DD5 /* Foundation.framework in Frameworks */ = {isa = PBXBuildFile; fileRef = CFBB22A21841E4AD006B9DD5 /* Foundation.framework */; };
		CFBB22CB1841E4AE006B9DD5 /* UIKit.framework in Frameworks */ = {isa = PBXBuildFile; fileRef = CFBB22A61841E4AD006B9DD5 /* UIKit.framework */; };
		CFBB22D31841E4AE006B9DD5 /* InfoPlist.strings in Resources */ = {isa = PBXBuildFile; fileRef = CFBB22D11841E4AE006B9DD5 /* InfoPlist.strings */; };
		CFBB22D51841E4AE006B9DD5 /* Goblin_s_caveTests.m in Sources */ = {isa = PBXBuildFile; fileRef = CFBB22D41841E4AE006B9DD5 /* Goblin_s_caveTests.m */; };
		CFBC6135185BA3E70064B9B2 /* arrow.png in Resources */ = {isa = PBXBuildFile; fileRef = CFBC6134185BA3E70064B9B2 /* arrow.png */; };
		CFBC6137185BA9BB0064B9B2 /* EXPLOSION.atlas in Resources */ = {isa = PBXBuildFile; fileRef = CFBC6136185BA9BB0064B9B2 /* EXPLOSION.atlas */; };
/* End PBXBuildFile section */

/* Begin PBXContainerItemProxy section */
		CFBB22CC1841E4AE006B9DD5 /* PBXContainerItemProxy */ = {
			isa = PBXContainerItemProxy;
			containerPortal = CFBB22971841E4AD006B9DD5 /* Project object */;
			proxyType = 1;
			remoteGlobalIDString = CFBB229E1841E4AD006B9DD5;
			remoteInfo = "Goblin's cave";
		};
/* End PBXContainerItemProxy section */

/* Begin PBXFileReference section */
		CF932BF91845C71B0087C9DE /* MKUtilites.h */ = {isa = PBXFileReference; fileEncoding = 4; lastKnownFileType = sourcecode.c.h; path = MKUtilites.h; sourceTree = "<group>"; };
		CF932BFA1845C71B0087C9DE /* MKUtilites.m */ = {isa = PBXFileReference; fileEncoding = 4; lastKnownFileType = sourcecode.c.objc; path = MKUtilites.m; sourceTree = "<group>"; };
		CF9543E31843BE7400B6ECC0 /* MKArtificialIntelligence.h */ = {isa = PBXFileReference; fileEncoding = 4; lastKnownFileType = sourcecode.c.h; path = MKArtificialIntelligence.h; sourceTree = "<group>"; };
		CF9543E41843BE7400B6ECC0 /* MKArtificialIntelligence.m */ = {isa = PBXFileReference; fileEncoding = 4; lastKnownFileType = sourcecode.c.objc; path = MKArtificialIntelligence.m; sourceTree = "<group>"; };
		CF9543E61843BF0600B6ECC0 /* MKChaseAI.h */ = {isa = PBXFileReference; fileEncoding = 4; lastKnownFileType = sourcecode.c.h; path = MKChaseAI.h; sourceTree = "<group>"; };
		CF9543E71843BF0600B6ECC0 /* MKChaseAI.m */ = {isa = PBXFileReference; fileEncoding = 4; lastKnownFileType = sourcecode.c.objc; path = MKChaseAI.m; sourceTree = "<group>"; };
		CF9543E91843BF1500B6ECC0 /* MKSpawnAI.h */ = {isa = PBXFileReference; fileEncoding = 4; lastKnownFileType = sourcecode.c.h; path = MKSpawnAI.h; sourceTree = "<group>"; };
		CF9543EA1843BF1500B6ECC0 /* MKSpawnAI.m */ = {isa = PBXFileReference; fileEncoding = 4; lastKnownFileType = sourcecode.c.objc; path = MKSpawnAI.m; sourceTree = "<group>"; };
		CF9543EC1843C0D000B6ECC0 /* MKHeroCharacter.h */ = {isa = PBXFileReference; fileEncoding = 4; lastKnownFileType = sourcecode.c.h; path = MKHeroCharacter.h; sourceTree = "<group>"; };
		CF9543ED1843C0D000B6ECC0 /* MKHeroCharacter.m */ = {isa = PBXFileReference; fileEncoding = 4; lastKnownFileType = sourcecode.c.objc; path = MKHeroCharacter.m; sourceTree = "<group>"; };
		CF9543EF1844AEEF00B6ECC0 /* MKArcher.h */ = {isa = PBXFileReference; fileEncoding = 4; lastKnownFileType = sourcecode.c.h; path = MKArcher.h; sourceTree = "<group>"; };
		CF9543F01844AEEF00B6ECC0 /* MKArcher.m */ = {isa = PBXFileReference; fileEncoding = 4; lastKnownFileType = sourcecode.c.objc; path = MKArcher.m; sourceTree = "<group>"; };
		CF9543F21844AEFC00B6ECC0 /* MKWarrior.h */ = {isa = PBXFileReference; fileEncoding = 4; lastKnownFileType = sourcecode.c.h; path = MKWarrior.h; sourceTree = "<group>"; };
		CF9543F31844AEFC00B6ECC0 /* MKWarrior.m */ = {isa = PBXFileReference; fileEncoding = 4; lastKnownFileType = sourcecode.c.objc; path = MKWarrior.m; sourceTree = "<group>"; };
		CF9543F51844AF0F00B6ECC0 /* MKEnemyCharacter.h */ = {isa = PBXFileReference; fileEncoding = 4; lastKnownFileType = sourcecode.c.h; path = MKEnemyCharacter.h; sourceTree = "<group>"; };
		CF9543F61844AF0F00B6ECC0 /* MKEnemyCharacter.m */ = {isa = PBXFileReference; fileEncoding = 4; lastKnownFileType = sourcecode.c.objc; path = MKEnemyCharacter.m; sourceTree = "<group>"; };
		CF9543F81844AF1C00B6ECC0 /* MKGoblin.h */ = {isa = PBXFileReference; fileEncoding = 4; lastKnownFileType = sourcecode.c.h; path = MKGoblin.h; sourceTree = "<group>"; };
		CF9543F91844AF1C00B6ECC0 /* MKGoblin.m */ = {isa = PBXFileReference; fileEncoding = 4; lastKnownFileType = sourcecode.c.objc; path = MKGoblin.m; sourceTree = "<group>"; };
		CF9543FB1844AF2400B6ECC0 /* MKCave.h */ = {isa = PBXFileReference; fileEncoding = 4; lastKnownFileType = sourcecode.c.h; path = MKCave.h; sourceTree = "<group>"; };
		CF9543FC1844AF2400B6ECC0 /* MKCave.m */ = {isa = PBXFileReference; fileEncoding = 4; lastKnownFileType = sourcecode.c.objc; path = MKCave.m; sourceTree = "<group>"; };
		CF9543FE1844AF2C00B6ECC0 /* MKBoss.h */ = {isa = PBXFileReference; fileEncoding = 4; lastKnownFileType = sourcecode.c.h; path = MKBoss.h; sourceTree = "<group>"; };
		CF9543FF1844AF2C00B6ECC0 /* MKBoss.m */ = {isa = PBXFileReference; fileEncoding = 4; lastKnownFileType = sourcecode.c.objc; path = MKBoss.m; sourceTree = "<group>"; };
		CF9544041844B71500B6ECC0 /* map_level.png */ = {isa = PBXFileReference; lastKnownFileType = image.png; path = map_level.png; sourceTree = "<group>"; };
		CF9544051844B71500B6ECC0 /* map_trees.png */ = {isa = PBXFileReference; lastKnownFileType = image.png; path = map_trees.png; sourceTree = "<group>"; };
		CF9544071844B71500B6ECC0 /* ArcherProjectile.sks */ = {isa = PBXFileReference; lastKnownFileType = file.sks; path = ArcherProjectile.sks; sourceTree = "<group>"; };
		CF9544081844B71500B6ECC0 /* BossDamage.sks */ = {isa = PBXFileReference; lastKnownFileType = file.sks; path = BossDamage.sks; sourceTree = "<group>"; };
		CF9544091844B71500B6ECC0 /* CaveDamage.sks */ = {isa = PBXFileReference; lastKnownFileType = file.sks; path = CaveDamage.sks; sourceTree = "<group>"; };
		CF95440A1844B71500B6ECC0 /* CaveDeathSmoke.sks */ = {isa = PBXFileReference; lastKnownFileType = file.sks; path = CaveDeathSmoke.sks; sourceTree = "<group>"; };
		CF95440B1844B71500B6ECC0 /* CaveFire.sks */ = {isa = PBXFileReference; lastKnownFileType = file.sks; path = CaveFire.sks; sourceTree = "<group>"; };
		CF95440C1844B71500B6ECC0 /* CaveFireSmoke.sks */ = {isa = PBXFileReference; lastKnownFileType = file.sks; path = CaveFireSmoke.sks; sourceTree = "<group>"; };
		CF95440D1844B71500B6ECC0 /* Damage.sks */ = {isa = PBXFileReference; lastKnownFileType = file.sks; path = Damage.sks; sourceTree = "<group>"; };
		CF95440E1844B71500B6ECC0 /* Death.sks */ = {isa = PBXFileReference; lastKnownFileType = file.sks; path = Death.sks; sourceTree = "<group>"; };
		CF95440F1844B71500B6ECC0 /* hardCircle.png */ = {isa = PBXFileReference; lastKnownFileType = image.png; path = hardCircle.png; sourceTree = "<group>"; };
		CF9544141844B71500B6ECC0 /* ProjectileSplat.sks */ = {isa = PBXFileReference; lastKnownFileType = file.sks; path = ProjectileSplat.sks; sourceTree = "<group>"; };
		CF9544151844B71500B6ECC0 /* spark.png */ = {isa = PBXFileReference; lastKnownFileType = image.png; path = spark.png; sourceTree = "<group>"; };
		CF9544161844B71500B6ECC0 /* Spawn.sks */ = {isa = PBXFileReference; lastKnownFileType = file.sks; path = Spawn.sks; sourceTree = "<group>"; };
		CF9544171844B71500B6ECC0 /* star.png */ = {isa = PBXFileReference; lastKnownFileType = image.png; path = star.png; sourceTree = "<group>"; };
		CF9544181844B71500B6ECC0 /* WarriorProjectile.sks */ = {isa = PBXFileReference; lastKnownFileType = file.sks; path = WarriorProjectile.sks; sourceTree = "<group>"; };
		CF95441D1844B71500B6ECC0 /* Archer_Attack.atlas */ = {isa = PBXFileReference; lastKnownFileType = folder.skatlas; path = Archer_Attack.atlas; sourceTree = "<group>"; };
		CF95441E1844B71500B6ECC0 /* Archer_Death.atlas */ = {isa = PBXFileReference; lastKnownFileType = folder.skatlas; path = Archer_Death.atlas; sourceTree = "<group>"; };
		CF95441F1844B71500B6ECC0 /* Archer_GetHit.atlas */ = {isa = PBXFileReference; lastKnownFileType = folder.skatlas; path = Archer_GetHit.atlas; sourceTree = "<group>"; };
		CF9544201844B71500B6ECC0 /* Archer_Idle.atlas */ = {isa = PBXFileReference; lastKnownFileType = folder.skatlas; path = Archer_Idle.atlas; sourceTree = "<group>"; };
		CF9544211844B71500B6ECC0 /* Archer_Walk.atlas */ = {isa = PBXFileReference; lastKnownFileType = folder.skatlas; path = Archer_Walk.atlas; sourceTree = "<group>"; };
		CF9544231844B71500B6ECC0 /* Boss_Attack.atlas */ = {isa = PBXFileReference; lastKnownFileType = folder.skatlas; path = Boss_Attack.atlas; sourceTree = "<group>"; };
		CF9544241844B71500B6ECC0 /* Boss_Death.atlas */ = {isa = PBXFileReference; lastKnownFileType = folder.skatlas; path = Boss_Death.atlas; sourceTree = "<group>"; };
		CF9544251844B71500B6ECC0 /* Boss_GetHit.atlas */ = {isa = PBXFileReference; lastKnownFileType = folder.skatlas; path = Boss_GetHit.atlas; sourceTree = "<group>"; };
		CF9544261844B71500B6ECC0 /* Boss_Idle.atlas */ = {isa = PBXFileReference; lastKnownFileType = folder.skatlas; path = Boss_Idle.atlas; sourceTree = "<group>"; };
		CF9544271844B71500B6ECC0 /* Boss_Walk.atlas */ = {isa = PBXFileReference; lastKnownFileType = folder.skatlas; path = Boss_Walk.atlas; sourceTree = "<group>"; };
		CF9544281844B71500B6ECC0 /* Environment.atlas */ = {isa = PBXFileReference; lastKnownFileType = folder.skatlas; path = Environment.atlas; sourceTree = "<group>"; };
		CF95442A1844B71500B6ECC0 /* Goblin_Attack.atlas */ = {isa = PBXFileReference; lastKnownFileType = folder.skatlas; path = Goblin_Attack.atlas; sourceTree = "<group>"; };
		CF95442B1844B71500B6ECC0 /* Goblin_Death.atlas */ = {isa = PBXFileReference; lastKnownFileType = folder.skatlas; path = Goblin_Death.atlas; sourceTree = "<group>"; };
		CF95442C1844B71500B6ECC0 /* Goblin_GetHit.atlas */ = {isa = PBXFileReference; lastKnownFileType = folder.skatlas; path = Goblin_GetHit.atlas; sourceTree = "<group>"; };
		CF95442D1844B71500B6ECC0 /* Goblin_Idle.atlas */ = {isa = PBXFileReference; lastKnownFileType = folder.skatlas; path = Goblin_Idle.atlas; sourceTree = "<group>"; };
		CF95442E1844B71500B6ECC0 /* Goblin_Walk.atlas */ = {isa = PBXFileReference; lastKnownFileType = folder.skatlas; path = Goblin_Walk.atlas; sourceTree = "<group>"; };
		CF95442F1844B71500B6ECC0 /* Tiles.atlas */ = {isa = PBXFileReference; lastKnownFileType = folder.skatlas; path = Tiles.atlas; sourceTree = "<group>"; };
		CF9544311844B71500B6ECC0 /* Warrior_Attack.atlas */ = {isa = PBXFileReference; lastKnownFileType = folder.skatlas; path = Warrior_Attack.atlas; sourceTree = "<group>"; };
		CF9544321844B71500B6ECC0 /* Warrior_Death.atlas */ = {isa = PBXFileReference; lastKnownFileType = folder.skatlas; path = Warrior_Death.atlas; sourceTree = "<group>"; };
		CF9544331844B71500B6ECC0 /* Warrior_GetHit.atlas */ = {isa = PBXFileReference; lastKnownFileType = folder.skatlas; path = Warrior_GetHit.atlas; sourceTree = "<group>"; };
		CF9544341844B71500B6ECC0 /* Warrior_Idle.atlas */ = {isa = PBXFileReference; lastKnownFileType = folder.skatlas; path = Warrior_Idle.atlas; sourceTree = "<group>"; };
		CF9544351844B71500B6ECC0 /* Warrior_Walk.atlas */ = {isa = PBXFileReference; lastKnownFileType = folder.skatlas; path = Warrior_Walk.atlas; sourceTree = "<group>"; };
		CF9544371844B71500B6ECC0 /* Assets - iOS.xcassets */ = {isa = PBXFileReference; lastKnownFileType = folder.assetcatalog; path = "Assets - iOS.xcassets"; sourceTree = "<group>"; };
		CF9544381844B71500B6ECC0 /* Assets - OS X.xcassets */ = {isa = PBXFileReference; lastKnownFileType = folder.assetcatalog; path = "Assets - OS X.xcassets"; sourceTree = "<group>"; };
		CF9544391844B71500B6ECC0 /* button_archer.png */ = {isa = PBXFileReference; lastKnownFileType = image.png; path = button_archer.png; sourceTree = "<group>"; };
		CF95443A1844B71500B6ECC0 /* button_warrior.png */ = {isa = PBXFileReference; lastKnownFileType = image.png; path = button_warrior.png; sourceTree = "<group>"; };
		CF95443B1844B71500B6ECC0 /* Default-568h@2x.png */ = {isa = PBXFileReference; lastKnownFileType = image.png; path = "Default-568h@2x.png"; sourceTree = "<group>"; };
		CF95443C1844B71500B6ECC0 /* Default.png */ = {isa = PBXFileReference; lastKnownFileType = image.png; path = Default.png; sourceTree = "<group>"; };
		CF95443D1844B71500B6ECC0 /* Default@2x.png */ = {isa = PBXFileReference; lastKnownFileType = image.png; path = "Default@2x.png"; sourceTree = "<group>"; };
		CF95443E1844B71500B6ECC0 /* iconWarrior_blue.png */ = {isa = PBXFileReference; lastKnownFileType = image.png; path = iconWarrior_blue.png; sourceTree = "<group>"; };
		CF95443F1844B71500B6ECC0 /* iconWarrior_green.png */ = {isa = PBXFileReference; lastKnownFileType = image.png; path = iconWarrior_green.png; sourceTree = "<group>"; };
		CF9544401844B71500B6ECC0 /* iconWarrior_pink.png */ = {isa = PBXFileReference; lastKnownFileType = image.png; path = iconWarrior_pink.png; sourceTree = "<group>"; };
		CF9544411844B71500B6ECC0 /* iconWarrior_red.png */ = {isa = PBXFileReference; lastKnownFileType = image.png; path = iconWarrior_red.png; sourceTree = "<group>"; };
		CF9544421844B71500B6ECC0 /* lives.png */ = {isa = PBXFileReference; lastKnownFileType = image.png; path = lives.png; sourceTree = "<group>"; };
		CF9544431844B71500B6ECC0 /* logo.png */ = {isa = PBXFileReference; lastKnownFileType = image.png; path = logo.png; sourceTree = "<group>"; };
		CF9CF8AA18438D8700FC435C /* MKCharacter.h */ = {isa = PBXFileReference; fileEncoding = 4; lastKnownFileType = sourcecode.c.h; path = MKCharacter.h; sourceTree = "<group>"; };
		CF9CF8AB18438D8700FC435C /* MKCharacter.m */ = {isa = PBXFileReference; fileEncoding = 4; lastKnownFileType = sourcecode.c.objc; path = MKCharacter.m; sourceTree = "<group>"; };
		CFAF95D4184228D00016C602 /* MKTree.h */ = {isa = PBXFileReference; fileEncoding = 4; lastKnownFileType = sourcecode.c.h; path = MKTree.h; sourceTree = "<group>"; };
		CFAF95D5184228D00016C602 /* MKTree.m */ = {isa = PBXFileReference; fileEncoding = 4; lastKnownFileType = sourcecode.c.objc; path = MKTree.m; sourceTree = "<group>"; };
		CFAF95D7184228FC0016C602 /* MKCharacterScene.h */ = {isa = PBXFileReference; fileEncoding = 4; lastKnownFileType = sourcecode.c.h; path = MKCharacterScene.h; sourceTree = "<group>"; };
		CFAF95D8184228FC0016C602 /* MKCharacterScene.m */ = {isa = PBXFileReference; fileEncoding = 4; lastKnownFileType = sourcecode.c.objc; path = MKCharacterScene.m; sourceTree = "<group>"; };
		CFAF95DD184237CD0016C602 /* MKViewController.h */ = {isa = PBXFileReference; fileEncoding = 4; lastKnownFileType = sourcecode.c.h; path = MKViewController.h; sourceTree = "<group>"; };
		CFAF95DE184237CD0016C602 /* MKViewController.m */ = {isa = PBXFileReference; fileEncoding = 4; lastKnownFileType = sourcecode.c.objc; path = MKViewController.m; sourceTree = "<group>"; };
		CFAF95E0184239270016C602 /* MKGameScene.h */ = {isa = PBXFileReference; fileEncoding = 4; lastKnownFileType = sourcecode.c.h; path = MKGameScene.h; sourceTree = "<group>"; };
		CFAF95E1184239270016C602 /* MKGameScene.m */ = {isa = PBXFileReference; fileEncoding = 4; lastKnownFileType = sourcecode.c.objc; path = MKGameScene.m; sourceTree = "<group>"; };
		CFBB229F1841E4AD006B9DD5 /* Goblin's cave.app */ = {isa = PBXFileReference; explicitFileType = wrapper.application; includeInIndex = 0; path = "Goblin's cave.app"; sourceTree = BUILT_PRODUCTS_DIR; };
		CFBB22A21841E4AD006B9DD5 /* Foundation.framework */ = {isa = PBXFileReference; lastKnownFileType = wrapper.framework; name = Foundation.framework; path = System/Library/Frameworks/Foundation.framework; sourceTree = SDKROOT; };
		CFBB22A41841E4AD006B9DD5 /* CoreGraphics.framework */ = {isa = PBXFileReference; lastKnownFileType = wrapper.framework; name = CoreGraphics.framework; path = System/Library/Frameworks/CoreGraphics.framework; sourceTree = SDKROOT; };
		CFBB22A61841E4AD006B9DD5 /* UIKit.framework */ = {isa = PBXFileReference; lastKnownFileType = wrapper.framework; name = UIKit.framework; path = System/Library/Frameworks/UIKit.framework; sourceTree = SDKROOT; };
		CFBB22A81841E4AD006B9DD5 /* SpriteKit.framework */ = {isa = PBXFileReference; lastKnownFileType = wrapper.framework; name = SpriteKit.framework; path = System/Library/Frameworks/SpriteKit.framework; sourceTree = SDKROOT; };
		CFBB22AC1841E4AD006B9DD5 /* Goblin's cave-Info.plist */ = {isa = PBXFileReference; lastKnownFileType = text.plist.xml; path = "Goblin's cave-Info.plist"; sourceTree = "<group>"; };
		CFBB22AE1841E4AD006B9DD5 /* en */ = {isa = PBXFileReference; lastKnownFileType = text.plist.strings; name = en; path = en.lproj/InfoPlist.strings; sourceTree = "<group>"; };
		CFBB22B01841E4AD006B9DD5 /* main.m */ = {isa = PBXFileReference; lastKnownFileType = sourcecode.c.objc; path = main.m; sourceTree = "<group>"; };
		CFBB22B21841E4AD006B9DD5 /* Goblin's cave-Prefix.pch */ = {isa = PBXFileReference; lastKnownFileType = sourcecode.c.h; path = "Goblin's cave-Prefix.pch"; sourceTree = "<group>"; };
		CFBB22B31841E4AD006B9DD5 /* MKAppDelegate.h */ = {isa = PBXFileReference; lastKnownFileType = sourcecode.c.h; path = MKAppDelegate.h; sourceTree = "<group>"; };
		CFBB22B41841E4AD006B9DD5 /* MKAppDelegate.m */ = {isa = PBXFileReference; lastKnownFileType = sourcecode.c.objc; path = MKAppDelegate.m; sourceTree = "<group>"; };
		CFBB22B71841E4AD006B9DD5 /* Base */ = {isa = PBXFileReference; lastKnownFileType = file.storyboard; name = Base; path = Base.lproj/Main.storyboard; sourceTree = "<group>"; };
		CFBB22C11841E4AD006B9DD5 /* Images.xcassets */ = {isa = PBXFileReference; lastKnownFileType = folder.assetcatalog; path = Images.xcassets; sourceTree = "<group>"; };
		CFBB22C71841E4AE006B9DD5 /* Goblin's caveTests.xctest */ = {isa = PBXFileReference; explicitFileType = wrapper.cfbundle; includeInIndex = 0; path = "Goblin's caveTests.xctest"; sourceTree = BUILT_PRODUCTS_DIR; };
		CFBB22C81841E4AE006B9DD5 /* XCTest.framework */ = {isa = PBXFileReference; lastKnownFileType = wrapper.framework; name = XCTest.framework; path = Library/Frameworks/XCTest.framework; sourceTree = DEVELOPER_DIR; };
		CFBB22D01841E4AE006B9DD5 /* Goblin's caveTests-Info.plist */ = {isa = PBXFileReference; lastKnownFileType = text.plist.xml; path = "Goblin's caveTests-Info.plist"; sourceTree = "<group>"; };
		CFBB22D21841E4AE006B9DD5 /* en */ = {isa = PBXFileReference; lastKnownFileType = text.plist.strings; name = en; path = en.lproj/InfoPlist.strings; sourceTree = "<group>"; };
		CFBB22D41841E4AE006B9DD5 /* Goblin_s_caveTests.m */ = {isa = PBXFileReference; lastKnownFileType = sourcecode.c.objc; path = Goblin_s_caveTests.m; sourceTree = "<group>"; };
		CFBC6134185BA3E70064B9B2 /* arrow.png */ = {isa = PBXFileReference; lastKnownFileType = image.png; path = arrow.png; sourceTree = "<group>"; };
		CFBC6136185BA9BB0064B9B2 /* EXPLOSION.atlas */ = {isa = PBXFileReference; lastKnownFileType = folder.skatlas; path = EXPLOSION.atlas; sourceTree = "<group>"; };
/* End PBXFileReference section */

/* Begin PBXFrameworksBuildPhase section */
		CFBB229C1841E4AD006B9DD5 /* Frameworks */ = {
			isa = PBXFrameworksBuildPhase;
			buildActionMask = 2147483647;
			files = (
				CFBB22A51841E4AD006B9DD5 /* CoreGraphics.framework in Frameworks */,
				CFBB22A71841E4AD006B9DD5 /* UIKit.framework in Frameworks */,
				CFBB22A91841E4AD006B9DD5 /* SpriteKit.framework in Frameworks */,
				CFBB22A31841E4AD006B9DD5 /* Foundation.framework in Frameworks */,
			);
			runOnlyForDeploymentPostprocessing = 0;
		};
		CFBB22C41841E4AE006B9DD5 /* Frameworks */ = {
			isa = PBXFrameworksBuildPhase;
			buildActionMask = 2147483647;
			files = (
				CFBB22C91841E4AE006B9DD5 /* XCTest.framework in Frameworks */,
				CFBB22CB1841E4AE006B9DD5 /* UIKit.framework in Frameworks */,
				CFBB22CA1841E4AE006B9DD5 /* Foundation.framework in Frameworks */,
			);
			runOnlyForDeploymentPostprocessing = 0;
		};
/* End PBXFrameworksBuildPhase section */

/* Begin PBXGroup section */
		CF9543E21843BE5C00B6ECC0 /* AI */ = {
			isa = PBXGroup;
			children = (
				CF9543E31843BE7400B6ECC0 /* MKArtificialIntelligence.h */,
				CF9543E41843BE7400B6ECC0 /* MKArtificialIntelligence.m */,
				CF9543E61843BF0600B6ECC0 /* MKChaseAI.h */,
				CF9543E71843BF0600B6ECC0 /* MKChaseAI.m */,
				CF9543E91843BF1500B6ECC0 /* MKSpawnAI.h */,
				CF9543EA1843BF1500B6ECC0 /* MKSpawnAI.m */,
			);
			name = AI;
			sourceTree = "<group>";
		};
		CF9544021844B71500B6ECC0 /* Assets */ = {
			isa = PBXGroup;
			children = (
				CFBC6136185BA9BB0064B9B2 /* EXPLOSION.atlas */,
				CF9544031844B71500B6ECC0 /* Environment */,
				CF9544061844B71500B6ECC0 /* Particles */,
				CF95441B1844B71500B6ECC0 /* Texture Atlases */,
				CF9544361844B71500B6ECC0 /* UI */,
			);
			path = Assets;
			sourceTree = "<group>";
		};
		CF9544031844B71500B6ECC0 /* Environment */ = {
			isa = PBXGroup;
			children = (
				CF9544041844B71500B6ECC0 /* map_level.png */,
				CF9544051844B71500B6ECC0 /* map_trees.png */,
			);
			path = Environment;
			sourceTree = "<group>";
		};
		CF9544061844B71500B6ECC0 /* Particles */ = {
			isa = PBXGroup;
			children = (
				CFBC6134185BA3E70064B9B2 /* arrow.png */,
				CF9544071844B71500B6ECC0 /* ArcherProjectile.sks */,
				CF9544081844B71500B6ECC0 /* BossDamage.sks */,
				CF9544091844B71500B6ECC0 /* CaveDamage.sks */,
				CF95440A1844B71500B6ECC0 /* CaveDeathSmoke.sks */,
				CF95440B1844B71500B6ECC0 /* CaveFire.sks */,
				CF95440C1844B71500B6ECC0 /* CaveFireSmoke.sks */,
				CF95440D1844B71500B6ECC0 /* Damage.sks */,
				CF95440E1844B71500B6ECC0 /* Death.sks */,
				CF95440F1844B71500B6ECC0 /* hardCircle.png */,
				CF9544141844B71500B6ECC0 /* ProjectileSplat.sks */,
				CF9544151844B71500B6ECC0 /* spark.png */,
				CF9544161844B71500B6ECC0 /* Spawn.sks */,
				CF9544171844B71500B6ECC0 /* star.png */,
				CF9544181844B71500B6ECC0 /* WarriorProjectile.sks */,
			);
			path = Particles;
			sourceTree = "<group>";
		};
		CF95441B1844B71500B6ECC0 /* Texture Atlases */ = {
			isa = PBXGroup;
			children = (
				CF95441C1844B71500B6ECC0 /* Archer */,
				CF9544221844B71500B6ECC0 /* Boss */,
				CF9544281844B71500B6ECC0 /* Environment.atlas */,
				CF9544291844B71500B6ECC0 /* Goblin */,
				CF95442F1844B71500B6ECC0 /* Tiles.atlas */,
				CF9544301844B71500B6ECC0 /* Warrior */,
			);
			path = "Texture Atlases";
			sourceTree = "<group>";
		};
		CF95441C1844B71500B6ECC0 /* Archer */ = {
			isa = PBXGroup;
			children = (
				CF95441D1844B71500B6ECC0 /* Archer_Attack.atlas */,
				CF95441E1844B71500B6ECC0 /* Archer_Death.atlas */,
				CF95441F1844B71500B6ECC0 /* Archer_GetHit.atlas */,
				CF9544201844B71500B6ECC0 /* Archer_Idle.atlas */,
				CF9544211844B71500B6ECC0 /* Archer_Walk.atlas */,
			);
			path = Archer;
			sourceTree = "<group>";
		};
		CF9544221844B71500B6ECC0 /* Boss */ = {
			isa = PBXGroup;
			children = (
				CF9544231844B71500B6ECC0 /* Boss_Attack.atlas */,
				CF9544241844B71500B6ECC0 /* Boss_Death.atlas */,
				CF9544251844B71500B6ECC0 /* Boss_GetHit.atlas */,
				CF9544261844B71500B6ECC0 /* Boss_Idle.atlas */,
				CF9544271844B71500B6ECC0 /* Boss_Walk.atlas */,
			);
			path = Boss;
			sourceTree = "<group>";
		};
		CF9544291844B71500B6ECC0 /* Goblin */ = {
			isa = PBXGroup;
			children = (
				CF95442A1844B71500B6ECC0 /* Goblin_Attack.atlas */,
				CF95442B1844B71500B6ECC0 /* Goblin_Death.atlas */,
				CF95442C1844B71500B6ECC0 /* Goblin_GetHit.atlas */,
				CF95442D1844B71500B6ECC0 /* Goblin_Idle.atlas */,
				CF95442E1844B71500B6ECC0 /* Goblin_Walk.atlas */,
			);
			path = Goblin;
			sourceTree = "<group>";
		};
		CF9544301844B71500B6ECC0 /* Warrior */ = {
			isa = PBXGroup;
			children = (
				CF9544311844B71500B6ECC0 /* Warrior_Attack.atlas */,
				CF9544321844B71500B6ECC0 /* Warrior_Death.atlas */,
				CF9544331844B71500B6ECC0 /* Warrior_GetHit.atlas */,
				CF9544341844B71500B6ECC0 /* Warrior_Idle.atlas */,
				CF9544351844B71500B6ECC0 /* Warrior_Walk.atlas */,
			);
			path = Warrior;
			sourceTree = "<group>";
		};
		CF9544361844B71500B6ECC0 /* UI */ = {
			isa = PBXGroup;
			children = (
				CF9544371844B71500B6ECC0 /* Assets - iOS.xcassets */,
				CF9544381844B71500B6ECC0 /* Assets - OS X.xcassets */,
				CF9544391844B71500B6ECC0 /* button_archer.png */,
				CF95443A1844B71500B6ECC0 /* button_warrior.png */,
				CF95443B1844B71500B6ECC0 /* Default-568h@2x.png */,
				CF95443C1844B71500B6ECC0 /* Default.png */,
				CF95443D1844B71500B6ECC0 /* Default@2x.png */,
				CF95443E1844B71500B6ECC0 /* iconWarrior_blue.png */,
				CF95443F1844B71500B6ECC0 /* iconWarrior_green.png */,
				CF9544401844B71500B6ECC0 /* iconWarrior_pink.png */,
				CF9544411844B71500B6ECC0 /* iconWarrior_red.png */,
				CF9544421844B71500B6ECC0 /* lives.png */,
				CF9544431844B71500B6ECC0 /* logo.png */,
			);
			path = UI;
			sourceTree = "<group>";
		};
		CFAF95CD184221920016C602 /* Sprites */ = {
			isa = PBXGroup;
			children = (
				CFAF95D4184228D00016C602 /* MKTree.h */,
				CFAF95D5184228D00016C602 /* MKTree.m */,
				CF9CF8AA18438D8700FC435C /* MKCharacter.h */,
				CF9CF8AB18438D8700FC435C /* MKCharacter.m */,
				CF9543EC1843C0D000B6ECC0 /* MKHeroCharacter.h */,
				CF9543ED1843C0D000B6ECC0 /* MKHeroCharacter.m */,
				CF9543EF1844AEEF00B6ECC0 /* MKArcher.h */,
				CF9543F01844AEEF00B6ECC0 /* MKArcher.m */,
				CF9543F21844AEFC00B6ECC0 /* MKWarrior.h */,
				CF9543F31844AEFC00B6ECC0 /* MKWarrior.m */,
				CF9543F51844AF0F00B6ECC0 /* MKEnemyCharacter.h */,
				CF9543F61844AF0F00B6ECC0 /* MKEnemyCharacter.m */,
				CF9543F81844AF1C00B6ECC0 /* MKGoblin.h */,
				CF9543F91844AF1C00B6ECC0 /* MKGoblin.m */,
				CF9543FB1844AF2400B6ECC0 /* MKCave.h */,
				CF9543FC1844AF2400B6ECC0 /* MKCave.m */,
				CF9543FE1844AF2C00B6ECC0 /* MKBoss.h */,
				CF9543FF1844AF2C00B6ECC0 /* MKBoss.m */,
			);
			name = Sprites;
			sourceTree = "<group>";
		};
		CFBB22961841E4AD006B9DD5 = {
			isa = PBXGroup;
			children = (
				CFBB22AA1841E4AD006B9DD5 /* Goblin's cave */,
				CF9544021844B71500B6ECC0 /* Assets */,
				CFBB22CE1841E4AE006B9DD5 /* Goblin's caveTests */,
				CFBB22A11841E4AD006B9DD5 /* Frameworks */,
				CFBB22A01841E4AD006B9DD5 /* Products */,
			);
			sourceTree = "<group>";
		};
		CFBB22A01841E4AD006B9DD5 /* Products */ = {
			isa = PBXGroup;
			children = (
				CFBB229F1841E4AD006B9DD5 /* Goblin's cave.app */,
				CFBB22C71841E4AE006B9DD5 /* Goblin's caveTests.xctest */,
			);
			name = Products;
			sourceTree = "<group>";
		};
		CFBB22A11841E4AD006B9DD5 /* Frameworks */ = {
			isa = PBXGroup;
			children = (
				CFBB22A21841E4AD006B9DD5 /* Foundation.framework */,
				CFBB22A41841E4AD006B9DD5 /* CoreGraphics.framework */,
				CFBB22A61841E4AD006B9DD5 /* UIKit.framework */,
				CFBB22A81841E4AD006B9DD5 /* SpriteKit.framework */,
				CFBB22C81841E4AE006B9DD5 /* XCTest.framework */,
			);
			name = Frameworks;
			sourceTree = "<group>";
		};
		CFBB22AA1841E4AD006B9DD5 /* Goblin's cave */ = {
			isa = PBXGroup;
			children = (
				CFBB22DE1841E5D5006B9DD5 /* Scene */,
				CFAF95CD184221920016C602 /* Sprites */,
				CF9543E21843BE5C00B6ECC0 /* AI */,
				CFBB22DF1841E5F2006B9DD5 /* iOS */,
				CFBB22AB1841E4AD006B9DD5 /* Supporting Files */,
			);
			path = "Goblin's cave";
			sourceTree = "<group>";
		};
		CFBB22AB1841E4AD006B9DD5 /* Supporting Files */ = {
			isa = PBXGroup;
			children = (
				CF932BF91845C71B0087C9DE /* MKUtilites.h */,
				CF932BFA1845C71B0087C9DE /* MKUtilites.m */,
				CFBB22C11841E4AD006B9DD5 /* Images.xcassets */,
				CFBB22AC1841E4AD006B9DD5 /* Goblin's cave-Info.plist */,
				CFBB22AD1841E4AD006B9DD5 /* InfoPlist.strings */,
				CFBB22B01841E4AD006B9DD5 /* main.m */,
				CFBB22B21841E4AD006B9DD5 /* Goblin's cave-Prefix.pch */,
			);
			name = "Supporting Files";
			sourceTree = "<group>";
		};
		CFBB22CE1841E4AE006B9DD5 /* Goblin's caveTests */ = {
			isa = PBXGroup;
			children = (
				CFBB22D41841E4AE006B9DD5 /* Goblin_s_caveTests.m */,
				CFBB22CF1841E4AE006B9DD5 /* Supporting Files */,
			);
			path = "Goblin's caveTests";
			sourceTree = "<group>";
		};
		CFBB22CF1841E4AE006B9DD5 /* Supporting Files */ = {
			isa = PBXGroup;
			children = (
				CFBB22D01841E4AE006B9DD5 /* Goblin's caveTests-Info.plist */,
				CFBB22D11841E4AE006B9DD5 /* InfoPlist.strings */,
			);
			name = "Supporting Files";
			sourceTree = "<group>";
		};
		CFBB22DE1841E5D5006B9DD5 /* Scene */ = {
			isa = PBXGroup;
			children = (
				CFAF95D7184228FC0016C602 /* MKCharacterScene.h */,
				CFAF95D8184228FC0016C602 /* MKCharacterScene.m */,
				CFAF95E0184239270016C602 /* MKGameScene.h */,
				CFAF95E1184239270016C602 /* MKGameScene.m */,
			);
			name = Scene;
			sourceTree = "<group>";
		};
		CFBB22DF1841E5F2006B9DD5 /* iOS */ = {
			isa = PBXGroup;
			children = (
				CFBB22B31841E4AD006B9DD5 /* MKAppDelegate.h */,
				CFBB22B41841E4AD006B9DD5 /* MKAppDelegate.m */,
				CFBB22B61841E4AD006B9DD5 /* Main.storyboard */,
				CFAF95DD184237CD0016C602 /* MKViewController.h */,
				CFAF95DE184237CD0016C602 /* MKViewController.m */,
			);
			name = iOS;
			sourceTree = "<group>";
		};
/* End PBXGroup section */

/* Begin PBXNativeTarget section */
		CFBB229E1841E4AD006B9DD5 /* Goblin's cave */ = {
			isa = PBXNativeTarget;
			buildConfigurationList = CFBB22D81841E4AE006B9DD5 /* Build configuration list for PBXNativeTarget "Goblin's cave" */;
			buildPhases = (
				CFBB229B1841E4AD006B9DD5 /* Sources */,
				CFBB229C1841E4AD006B9DD5 /* Frameworks */,
				CFBB229D1841E4AD006B9DD5 /* Resources */,
			);
			buildRules = (
			);
			dependencies = (
			);
			name = "Goblin's cave";
			productName = "Goblin's cave";
			productReference = CFBB229F1841E4AD006B9DD5 /* Goblin's cave.app */;
			productType = "com.apple.product-type.application";
		};
		CFBB22C61841E4AE006B9DD5 /* Goblin's caveTests */ = {
			isa = PBXNativeTarget;
			buildConfigurationList = CFBB22DB1841E4AE006B9DD5 /* Build configuration list for PBXNativeTarget "Goblin's caveTests" */;
			buildPhases = (
				CFBB22C31841E4AE006B9DD5 /* Sources */,
				CFBB22C41841E4AE006B9DD5 /* Frameworks */,
				CFBB22C51841E4AE006B9DD5 /* Resources */,
			);
			buildRules = (
			);
			dependencies = (
				CFBB22CD1841E4AE006B9DD5 /* PBXTargetDependency */,
			);
			name = "Goblin's caveTests";
			productName = "Goblin's caveTests";
			productReference = CFBB22C71841E4AE006B9DD5 /* Goblin's caveTests.xctest */;
			productType = "com.apple.product-type.bundle.unit-test";
		};
/* End PBXNativeTarget section */

/* Begin PBXProject section */
		CFBB22971841E4AD006B9DD5 /* Project object */ = {
			isa = PBXProject;
			attributes = {
				CLASSPREFIX = MK;
				LastUpgradeCheck = 0500;
				ORGANIZATIONNAME = "Андрей Рычков";
				TargetAttributes = {
					CFBB22C61841E4AE006B9DD5 = {
						TestTargetID = CFBB229E1841E4AD006B9DD5;
					};
				};
			};
			buildConfigurationList = CFBB229A1841E4AD006B9DD5 /* Build configuration list for PBXProject "Goblin's cave" */;
			compatibilityVersion = "Xcode 3.2";
			developmentRegion = English;
			hasScannedForEncodings = 0;
			knownRegions = (
				en,
				Base,
			);
			mainGroup = CFBB22961841E4AD006B9DD5;
			productRefGroup = CFBB22A01841E4AD006B9DD5 /* Products */;
			projectDirPath = "";
			projectRoot = "";
			targets = (
				CFBB229E1841E4AD006B9DD5 /* Goblin's cave */,
				CFBB22C61841E4AE006B9DD5 /* Goblin's caveTests */,
			);
		};
/* End PBXProject section */

/* Begin PBXResourcesBuildPhase section */
		CFBB229D1841E4AD006B9DD5 /* Resources */ = {
			isa = PBXResourcesBuildPhase;
			buildActionMask = 2147483647;
			files = (
				CFBB22AF1841E4AD006B9DD5 /* InfoPlist.strings in Resources */,
				CF9544441844B71500B6ECC0 /* map_level.png in Resources */,
				CF9544711844B71500B6ECC0 /* button_archer.png in Resources */,
				CF95445C1844B71500B6ECC0 /* Archer_Idle.atlas in Resources */,
				CF95444A1844B71500B6ECC0 /* CaveFire.sks in Resources */,
				CF9544641844B71500B6ECC0 /* Goblin_Attack.atlas in Resources */,
				CF9544691844B71500B6ECC0 /* Tiles.atlas in Resources */,
				CF9544741844B71500B6ECC0 /* Default.png in Resources */,
				CF95446D1844B71500B6ECC0 /* Warrior_Idle.atlas in Resources */,
				CF9544731844B71500B6ECC0 /* Default-568h@2x.png in Resources */,
				CF9544791844B71500B6ECC0 /* iconWarrior_red.png in Resources */,
				CF95446A1844B71500B6ECC0 /* Warrior_Attack.atlas in Resources */,
				CF9544471844B71500B6ECC0 /* BossDamage.sks in Resources */,
				CF95447A1844B71500B6ECC0 /* lives.png in Resources */,
				CF9544481844B71500B6ECC0 /* CaveDamage.sks in Resources */,
				CF9544631844B71500B6ECC0 /* Environment.atlas in Resources */,
				CF9544651844B71500B6ECC0 /* Goblin_Death.atlas in Resources */,
				CF95445B1844B71500B6ECC0 /* Archer_GetHit.atlas in Resources */,
				CF95446E1844B71500B6ECC0 /* Warrior_Walk.atlas in Resources */,
				CF9544621844B71500B6ECC0 /* Boss_Walk.atlas in Resources */,
				CF95446C1844B71500B6ECC0 /* Warrior_GetHit.atlas in Resources */,
				CF9544661844B71500B6ECC0 /* Goblin_GetHit.atlas in Resources */,
				CF95446F1844B71500B6ECC0 /* Assets - iOS.xcassets in Resources */,
				CF9544541844B71500B6ECC0 /* spark.png in Resources */,
				CF9544681844B71500B6ECC0 /* Goblin_Walk.atlas in Resources */,
				CF95445E1844B71500B6ECC0 /* Boss_Attack.atlas in Resources */,
				CF95444B1844B71500B6ECC0 /* CaveFireSmoke.sks in Resources */,
				CF95447B1844B71500B6ECC0 /* logo.png in Resources */,
				CF9544761844B71500B6ECC0 /* iconWarrior_blue.png in Resources */,
				CF95444E1844B71500B6ECC0 /* hardCircle.png in Resources */,
				CF9544561844B71500B6ECC0 /* star.png in Resources */,
				CF9544721844B71500B6ECC0 /* button_warrior.png in Resources */,
				CF9544491844B71500B6ECC0 /* CaveDeathSmoke.sks in Resources */,
				CFBB22C21841E4AD006B9DD5 /* Images.xcassets in Resources */,
				CF9544601844B71500B6ECC0 /* Boss_GetHit.atlas in Resources */,
				CF9544671844B71500B6ECC0 /* Goblin_Idle.atlas in Resources */,
				CF95444C1844B71500B6ECC0 /* Damage.sks in Resources */,
				CF9544751844B71500B6ECC0 /* Default@2x.png in Resources */,
				CF9544451844B71500B6ECC0 /* map_trees.png in Resources */,
				CF9544611844B71500B6ECC0 /* Boss_Idle.atlas in Resources */,
				CF95446B1844B71500B6ECC0 /* Warrior_Death.atlas in Resources */,
				CFBC6135185BA3E70064B9B2 /* arrow.png in Resources */,
				CF9544771844B71500B6ECC0 /* iconWarrior_green.png in Resources */,
				CF95445A1844B71500B6ECC0 /* Archer_Death.atlas in Resources */,
				CFBB22B81841E4AD006B9DD5 /* Main.storyboard in Resources */,
				CF95444D1844B71500B6ECC0 /* Death.sks in Resources */,
				CF9544461844B71500B6ECC0 /* ArcherProjectile.sks in Resources */,
				CF9544531844B71500B6ECC0 /* ProjectileSplat.sks in Resources */,
				CF95445D1844B71500B6ECC0 /* Archer_Walk.atlas in Resources */,
				CF9544571844B71500B6ECC0 /* WarriorProjectile.sks in Resources */,
				CF9544591844B71500B6ECC0 /* Archer_Attack.atlas in Resources */,
				CFBC6137185BA9BB0064B9B2 /* EXPLOSION.atlas in Resources */,
				CF9544701844B71500B6ECC0 /* Assets - OS X.xcassets in Resources */,
				CF95445F1844B71500B6ECC0 /* Boss_Death.atlas in Resources */,
				CF9544551844B71500B6ECC0 /* Spawn.sks in Resources */,
				CF9544781844B71500B6ECC0 /* iconWarrior_pink.png in Resources */,
			);
			runOnlyForDeploymentPostprocessing = 0;
		};
		CFBB22C51841E4AE006B9DD5 /* Resources */ = {
			isa = PBXResourcesBuildPhase;
			buildActionMask = 2147483647;
			files = (
				CFBB22D31841E4AE006B9DD5 /* InfoPlist.strings in Resources */,
			);
			runOnlyForDeploymentPostprocessing = 0;
		};
/* End PBXResourcesBuildPhase section */

/* Begin PBXSourcesBuildPhase section */
		CFBB229B1841E4AD006B9DD5 /* Sources */ = {
			isa = PBXSourcesBuildPhase;
			buildActionMask = 2147483647;
			files = (
				CF9543E81843BF0600B6ECC0 /* MKChaseAI.m in Sources */,
				CF9543EE1843C0D000B6ECC0 /* MKHeroCharacter.m in Sources */,
				CF9543F71844AF0F00B6ECC0 /* MKEnemyCharacter.m in Sources */,
				CF9543F11844AEEF00B6ECC0 /* MKArcher.m in Sources */,
				CF932BFB1845C71B0087C9DE /* MKUtilites.m in Sources */,
				CF9543EB1843BF1500B6ECC0 /* MKSpawnAI.m in Sources */,
				CF9543F41844AEFC00B6ECC0 /* MKWarrior.m in Sources */,
				CF9544001844AF2C00B6ECC0 /* MKBoss.m in Sources */,
				CFAF95E2184239270016C602 /* MKGameScene.m in Sources */,
				CFBB22B51841E4AD006B9DD5 /* MKAppDelegate.m in Sources */,
				CFBB22B11841E4AD006B9DD5 /* main.m in Sources */,
				CF9CF8AC18438D8700FC435C /* MKCharacter.m in Sources */,
				CFAF95DF184237CD0016C602 /* MKViewController.m in Sources */,
				CF9543FD1844AF2400B6ECC0 /* MKCave.m in Sources */,
				CF9543E51843BE7400B6ECC0 /* MKArtificialIntelligence.m in Sources */,
				CF9543FA1844AF1C00B6ECC0 /* MKGoblin.m in Sources */,
				CFAF95D9184228FC0016C602 /* MKCharacterScene.m in Sources */,
				CFAF95D6184228D00016C602 /* MKTree.m in Sources */,
			);
			runOnlyForDeploymentPostprocessing = 0;
		};
		CFBB22C31841E4AE006B9DD5 /* Sources */ = {
			isa = PBXSourcesBuildPhase;
			buildActionMask = 2147483647;
			files = (
				CFBB22D51841E4AE006B9DD5 /* Goblin_s_caveTests.m in Sources */,
			);
			runOnlyForDeploymentPostprocessing = 0;
		};
/* End PBXSourcesBuildPhase section */

/* Begin PBXTargetDependency section */
		CFBB22CD1841E4AE006B9DD5 /* PBXTargetDependency */ = {
			isa = PBXTargetDependency;
			target = CFBB229E1841E4AD006B9DD5 /* Goblin's cave */;
			targetProxy = CFBB22CC1841E4AE006B9DD5 /* PBXContainerItemProxy */;
		};
/* End PBXTargetDependency section */

/* Begin PBXVariantGroup section */
		CFBB22AD1841E4AD006B9DD5 /* InfoPlist.strings */ = {
			isa = PBXVariantGroup;
			children = (
				CFBB22AE1841E4AD006B9DD5 /* en */,
			);
			name = InfoPlist.strings;
			sourceTree = "<group>";
		};
		CFBB22B61841E4AD006B9DD5 /* Main.storyboard */ = {
			isa = PBXVariantGroup;
			children = (
				CFBB22B71841E4AD006B9DD5 /* Base */,
			);
			name = Main.storyboard;
			sourceTree = "<group>";
		};
		CFBB22D11841E4AE006B9DD5 /* InfoPlist.strings */ = {
			isa = PBXVariantGroup;
			children = (
				CFBB22D21841E4AE006B9DD5 /* en */,
			);
			name = InfoPlist.strings;
			sourceTree = "<group>";
		};
/* End PBXVariantGroup section */

/* Begin XCBuildConfiguration section */
		CFBB22D61841E4AE006B9DD5 /* Debug */ = {
			isa = XCBuildConfiguration;
			buildSettings = {
				ALWAYS_SEARCH_USER_PATHS = NO;
				ARCHS = "$(ARCHS_STANDARD_INCLUDING_64_BIT)";
				CLANG_CXX_LANGUAGE_STANDARD = "gnu++0x";
				CLANG_CXX_LIBRARY = "libc++";
				CLANG_ENABLE_MODULES = YES;
				CLANG_ENABLE_OBJC_ARC = YES;
				CLANG_WARN_BOOL_CONVERSION = YES;
				CLANG_WARN_CONSTANT_CONVERSION = YES;
				CLANG_WARN_DIRECT_OBJC_ISA_USAGE = YES_ERROR;
				CLANG_WARN_EMPTY_BODY = YES;
				CLANG_WARN_ENUM_CONVERSION = YES;
				CLANG_WARN_INT_CONVERSION = YES;
				CLANG_WARN_OBJC_ROOT_CLASS = YES_ERROR;
				CLANG_WARN__DUPLICATE_METHOD_MATCH = YES;
				"CODE_SIGN_IDENTITY[sdk=iphoneos*]" = "iPhone Developer";
				COPY_PHASE_STRIP = NO;
				GCC_C_LANGUAGE_STANDARD = gnu99;
				GCC_DYNAMIC_NO_PIC = NO;
				GCC_OPTIMIZATION_LEVEL = 0;
				GCC_PREPROCESSOR_DEFINITIONS = (
					"DEBUG=1",
					"$(inherited)",
				);
				GCC_SYMBOLS_PRIVATE_EXTERN = NO;
				GCC_WARN_64_TO_32_BIT_CONVERSION = YES;
				GCC_WARN_ABOUT_RETURN_TYPE = YES_ERROR;
				GCC_WARN_UNDECLARED_SELECTOR = YES;
				GCC_WARN_UNINITIALIZED_AUTOS = YES;
				GCC_WARN_UNUSED_FUNCTION = YES;
				GCC_WARN_UNUSED_VARIABLE = YES;
				IPHONEOS_DEPLOYMENT_TARGET = 7.0;
				ONLY_ACTIVE_ARCH = YES;
				SDKROOT = iphoneos;
			};
			name = Debug;
		};
		CFBB22D71841E4AE006B9DD5 /* Release */ = {
			isa = XCBuildConfiguration;
			buildSettings = {
				ALWAYS_SEARCH_USER_PATHS = NO;
				ARCHS = "$(ARCHS_STANDARD_INCLUDING_64_BIT)";
				CLANG_CXX_LANGUAGE_STANDARD = "gnu++0x";
				CLANG_CXX_LIBRARY = "libc++";
				CLANG_ENABLE_MODULES = YES;
				CLANG_ENABLE_OBJC_ARC = YES;
				CLANG_WARN_BOOL_CONVERSION = YES;
				CLANG_WARN_CONSTANT_CONVERSION = YES;
				CLANG_WARN_DIRECT_OBJC_ISA_USAGE = YES_ERROR;
				CLANG_WARN_EMPTY_BODY = YES;
				CLANG_WARN_ENUM_CONVERSION = YES;
				CLANG_WARN_INT_CONVERSION = YES;
				CLANG_WARN_OBJC_ROOT_CLASS = YES_ERROR;
				CLANG_WARN__DUPLICATE_METHOD_MATCH = YES;
				"CODE_SIGN_IDENTITY[sdk=iphoneos*]" = "iPhone Developer";
				COPY_PHASE_STRIP = YES;
				ENABLE_NS_ASSERTIONS = NO;
				GCC_C_LANGUAGE_STANDARD = gnu99;
				GCC_WARN_64_TO_32_BIT_CONVERSION = YES;
				GCC_WARN_ABOUT_RETURN_TYPE = YES_ERROR;
				GCC_WARN_UNDECLARED_SELECTOR = YES;
				GCC_WARN_UNINITIALIZED_AUTOS = YES;
				GCC_WARN_UNUSED_FUNCTION = YES;
				GCC_WARN_UNUSED_VARIABLE = YES;
				IPHONEOS_DEPLOYMENT_TARGET = 7.0;
				SDKROOT = iphoneos;
				VALIDATE_PRODUCT = YES;
			};
			name = Release;
		};
		CFBB22D91841E4AE006B9DD5 /* Debug */ = {
			isa = XCBuildConfiguration;
			buildSettings = {
				ASSETCATALOG_COMPILER_APPICON_NAME = AppIcon;
				ASSETCATALOG_COMPILER_LAUNCHIMAGE_NAME = LaunchImage;
				GCC_PRECOMPILE_PREFIX_HEADER = YES;
				GCC_PREFIX_HEADER = "Goblin's cave/Goblin's cave-Prefix.pch";
				INFOPLIST_FILE = "Goblin's cave/Goblin's cave-Info.plist";
				PRODUCT_NAME = "$(TARGET_NAME)";
				SPRITEKIT_TEXTURE_ATLAS_OUTPUT = YES;
				WRAPPER_EXTENSION = app;
			};
			name = Debug;
		};
		CFBB22DA1841E4AE006B9DD5 /* Release */ = {
			isa = XCBuildConfiguration;
			buildSettings = {
				ASSETCATALOG_COMPILER_APPICON_NAME = AppIcon;
				ASSETCATALOG_COMPILER_LAUNCHIMAGE_NAME = LaunchImage;
				GCC_PRECOMPILE_PREFIX_HEADER = YES;
				GCC_PREFIX_HEADER = "Goblin's cave/Goblin's cave-Prefix.pch";
				INFOPLIST_FILE = "Goblin's cave/Goblin's cave-Info.plist";
				PRODUCT_NAME = "$(TARGET_NAME)";
				SPRITEKIT_TEXTURE_ATLAS_OUTPUT = YES;
				WRAPPER_EXTENSION = app;
			};
			name = Release;
		};
		CFBB22DC1841E4AE006B9DD5 /* Debug */ = {
			isa = XCBuildConfiguration;
			buildSettings = {
				ARCHS = "$(ARCHS_STANDARD_INCLUDING_64_BIT)";
				BUNDLE_LOADER = "$(BUILT_PRODUCTS_DIR)/Goblin's cave.app/Goblin's cave";
				FRAMEWORK_SEARCH_PATHS = (
					"$(SDKROOT)/Developer/Library/Frameworks",
					"$(inherited)",
					"$(DEVELOPER_FRAMEWORKS_DIR)",
				);
				GCC_PRECOMPILE_PREFIX_HEADER = YES;
				GCC_PREFIX_HEADER = "Goblin's cave/Goblin's cave-Prefix.pch";
				GCC_PREPROCESSOR_DEFINITIONS = (
					"DEBUG=1",
					"$(inherited)",
				);
				INFOPLIST_FILE = "Goblin's caveTests/Goblin's caveTests-Info.plist";
				PRODUCT_NAME = "$(TARGET_NAME)";
				TEST_HOST = "$(BUNDLE_LOADER)";
				WRAPPER_EXTENSION = xctest;
			};
			name = Debug;
		};
		CFBB22DD1841E4AE006B9DD5 /* Release */ = {
			isa = XCBuildConfiguration;
			buildSettings = {
				ARCHS = "$(ARCHS_STANDARD_INCLUDING_64_BIT)";
				BUNDLE_LOADER = "$(BUILT_PRODUCTS_DIR)/Goblin's cave.app/Goblin's cave";
				FRAMEWORK_SEARCH_PATHS = (
					"$(SDKROOT)/Developer/Library/Frameworks",
					"$(inherited)",
					"$(DEVELOPER_FRAMEWORKS_DIR)",
				);
				GCC_PRECOMPILE_PREFIX_HEADER = YES;
				GCC_PREFIX_HEADER = "Goblin's cave/Goblin's cave-Prefix.pch";
				INFOPLIST_FILE = "Goblin's caveTests/Goblin's caveTests-Info.plist";
				PRODUCT_NAME = "$(TARGET_NAME)";
				TEST_HOST = "$(BUNDLE_LOADER)";
				WRAPPER_EXTENSION = xctest;
			};
			name = Release;
		};
/* End XCBuildConfiguration section */

/* Begin XCConfigurationList section */
		CFBB229A1841E4AD006B9DD5 /* Build configuration list for PBXProject "Goblin's cave" */ = {
			isa = XCConfigurationList;
			buildConfigurations = (
				CFBB22D61841E4AE006B9DD5 /* Debug */,
				CFBB22D71841E4AE006B9DD5 /* Release */,
			);
			defaultConfigurationIsVisible = 0;
			defaultConfigurationName = Release;
		};
		CFBB22D81841E4AE006B9DD5 /* Build configuration list for PBXNativeTarget "Goblin's cave" */ = {
			isa = XCConfigurationList;
			buildConfigurations = (
				CFBB22D91841E4AE006B9DD5 /* Debug */,
				CFBB22DA1841E4AE006B9DD5 /* Release */,
			);
			defaultConfigurationIsVisible = 0;
			defaultConfigurationName = Release;
		};
		CFBB22DB1841E4AE006B9DD5 /* Build configuration list for PBXNativeTarget "Goblin's caveTests" */ = {
			isa = XCConfigurationList;
			buildConfigurations = (
				CFBB22DC1841E4AE006B9DD5 /* Debug */,
				CFBB22DD1841E4AE006B9DD5 /* Release */,
			);
			defaultConfigurationIsVisible = 0;
			defaultConfigurationName = Release;
		};
/* End XCConfigurationList section */
	};
	rootObject = CFBB22971841E4AD006B9DD5 /* Project object */;
}
